// !$*UTF8*$!
{
	archiveVersion = 1;
	classes = {
	};
	objectVersion = 46;
	objects = {

/* Begin PBXBuildFile section */
		9214B6B71C22E0B6000A2901 /* typecast.cpp in Sources */ = {isa = PBXBuildFile; fileRef = 9214B6B61C22E0B6000A2901 /* typecast.cpp */; };
/* End PBXBuildFile section */

/* Begin PBXCopyFilesBuildPhase section */
		923ED54C1C1FBC98007DED43 /* CopyFiles */ = {
			isa = PBXCopyFilesBuildPhase;
			buildActionMask = 2147483647;
			dstPath = /usr/share/man/man1/;
			dstSubfolderSpec = 0;
			files = (
			);
			runOnlyForDeploymentPostprocessing = 1;
		};
/* End PBXCopyFilesBuildPhase section */

/* Begin PBXFileReference section */
		920D342E1C213F4100FF606D /* disanzhang1.cpp */ = {isa = PBXFileReference; fileEncoding = 4; lastKnownFileType = sourcecode.cpp.cpp; path = disanzhang1.cpp; sourceTree = "<group>"; };
		920D34301C21407B00FF606D /* morechar.cpp */ = {isa = PBXFileReference; fileEncoding = 4; lastKnownFileType = sourcecode.cpp.cpp; path = morechar.cpp; sourceTree = "<group>"; };
		920D34321C2146EF00FF606D /* bondini.cpp */ = {isa = PBXFileReference; fileEncoding = 4; lastKnownFileType = sourcecode.cpp.cpp; path = bondini.cpp; sourceTree = "<group>"; };
		920D34341C215D4200FF606D /* divide.cpp */ = {isa = PBXFileReference; fileEncoding = 4; lastKnownFileType = sourcecode.cpp.cpp; path = divide.cpp; sourceTree = "<group>"; };
		920D34361C21600100FF606D /* arith.cpp */ = {isa = PBXFileReference; fileEncoding = 4; lastKnownFileType = sourcecode.cpp.cpp; path = arith.cpp; sourceTree = "<group>"; };
		920D34381C21630300FF606D /* modulus.cpp */ = {isa = PBXFileReference; fileEncoding = 4; lastKnownFileType = sourcecode.cpp.cpp; path = modulus.cpp; sourceTree = "<group>"; };
		920D343A1C217CE500FF606D /* assign.cpp */ = {isa = PBXFileReference; fileEncoding = 4; lastKnownFileType = sourcecode.cpp.cpp; path = assign.cpp; sourceTree = "<group>"; };
		9214B6B61C22E0B6000A2901 /* typecast.cpp */ = {isa = PBXFileReference; fileEncoding = 4; lastKnownFileType = sourcecode.cpp.cpp; path = typecast.cpp; sourceTree = "<group>"; };
		923ED54E1C1FBC98007DED43 /* diyizhang */ = {isa = PBXFileReference; explicitFileType = "compiled.mach-o.executable"; includeInIndex = 0; path = diyizhang; sourceTree = BUILT_PRODUCTS_DIR; };
		923ED5511C1FBC98007DED43 /* main.cpp */ = {isa = PBXFileReference; lastKnownFileType = sourcecode.cpp.cpp; path = main.cpp; sourceTree = "<group>"; };
/* End PBXFileReference section */

/* Begin PBXFrameworksBuildPhase section */
		923ED54B1C1FBC98007DED43 /* Frameworks */ = {
			isa = PBXFrameworksBuildPhase;
			buildActionMask = 2147483647;
			files = (
			);
			runOnlyForDeploymentPostprocessing = 0;
		};
/* End PBXFrameworksBuildPhase section */

/* Begin PBXGroup section */
		923ED5451C1FBC98007DED43 = {
			isa = PBXGroup;
			children = (
				923ED5501C1FBC98007DED43 /* diyizhang */,
				923ED54F1C1FBC98007DED43 /* Products */,
			);
			sourceTree = "<group>";
		};
		923ED54F1C1FBC98007DED43 /* Products */ = {
			isa = PBXGroup;
			children = (
				923ED54E1C1FBC98007DED43 /* diyizhang */,
			);
			name = Products;
			sourceTree = "<group>";
		};
		923ED5501C1FBC98007DED43 /* diyizhang */ = {
			isa = PBXGroup;
			children = (
				923ED5511C1FBC98007DED43 /* main.cpp */,
				920D342E1C213F4100FF606D /* disanzhang1.cpp */,
				920D34301C21407B00FF606D /* morechar.cpp */,
				920D34321C2146EF00FF606D /* bondini.cpp */,
				920D34341C215D4200FF606D /* divide.cpp */,
				920D34361C21600100FF606D /* arith.cpp */,
				920D34381C21630300FF606D /* modulus.cpp */,
				920D343A1C217CE500FF606D /* assign.cpp */,
				9214B6B61C22E0B6000A2901 /* typecast.cpp */,
			);
			path = diyizhang;
			sourceTree = "<group>";
		};
/* End PBXGroup section */

/* Begin PBXNativeTarget section */
		923ED54D1C1FBC98007DED43 /* diyizhang */ = {
			isa = PBXNativeTarget;
			buildConfigurationList = 923ED5551C1FBC98007DED43 /* Build configuration list for PBXNativeTarget "diyizhang" */;
			buildPhases = (
				923ED54A1C1FBC98007DED43 /* Sources */,
				923ED54B1C1FBC98007DED43 /* Frameworks */,
				923ED54C1C1FBC98007DED43 /* CopyFiles */,
			);
			buildRules = (
			);
			dependencies = (
			);
			name = diyizhang;
			productName = diyizhang;
			productReference = 923ED54E1C1FBC98007DED43 /* diyizhang */;
			productType = "com.apple.product-type.tool";
		};
/* End PBXNativeTarget section */

/* Begin PBXProject section */
		923ED5461C1FBC98007DED43 /* Project object */ = {
			isa = PBXProject;
			attributes = {
				LastUpgradeCheck = 0720;
				ORGANIZATIONNAME = csii;
				TargetAttributes = {
					923ED54D1C1FBC98007DED43 = {
						CreatedOnToolsVersion = 7.2;
					};
				};
			};
			buildConfigurationList = 923ED5491C1FBC98007DED43 /* Build configuration list for PBXProject "diyizhang" */;
			compatibilityVersion = "Xcode 3.2";
			developmentRegion = English;
			hasScannedForEncodings = 0;
			knownRegions = (
				en,
			);
			mainGroup = 923ED5451C1FBC98007DED43;
			productRefGroup = 923ED54F1C1FBC98007DED43 /* Products */;
			projectDirPath = "";
			projectRoot = "";
			targets = (
				923ED54D1C1FBC98007DED43 /* diyizhang */,
			);
		};
/* End PBXProject section */

/* Begin PBXSourcesBuildPhase section */
		923ED54A1C1FBC98007DED43 /* Sources */ = {
			isa = PBXSourcesBuildPhase;
			buildActionMask = 2147483647;
			files = (
				9214B6B71C22E0B6000A2901 /* typecast.cpp in Sources */,
			);
			runOnlyForDeploymentPostprocessing = 0;
		};
/* End PBXSourcesBuildPhase section */

/* Begin XCBuildConfiguration section */
		923ED5531C1FBC98007DED43 /* Debug */ = {
			isa = XCBuildConfiguration;
			buildSettings = {
				ALWAYS_SEARCH_USER_PATHS = NO;
				CLANG_CXX_LANGUAGE_STANDARD = "gnu++0x";
				CLANG_CXX_LIBRARY = "libc++";
				CLANG_ENABLE_MODULES = YES;
				CLANG_ENABLE_OBJC_ARC = YES;
				CLANG_WARN_BOOL_CONVERSION = YES;
				CLANG_WARN_CONSTANT_CONVERSION = YES;
				CLANG_WARN_DIRECT_OBJC_ISA_USAGE = YES_ERROR;
				CLANG_WARN_EMPTY_BODY = YES;
				CLANG_WARN_ENUM_CONVERSION = YES;
				CLANG_WARN_INT_CONVERSION = YES;
				CLANG_WARN_OBJC_ROOT_CLASS = YES_ERROR;
				CLANG_WARN_UNREACHABLE_CODE = YES;
				CLANG_WARN__DUPLICATE_METHOD_MATCH = YES;
				CODE_SIGN_IDENTITY = "-";
				COPY_PHASE_STRIP = NO;
				DEBUG_INFORMATION_FORMAT = dwarf;
				ENABLE_STRICT_OBJC_MSGSEND = YES;
				ENABLE_TESTABILITY = YES;
				GCC_C_LANGUAGE_STANDARD = gnu99;
				GCC_DYNAMIC_NO_PIC = NO;
				GCC_NO_COMMON_BLOCKS = YES;
				GCC_OPTIMIZATION_LEVEL = 0;
				GCC_PREPROCESSOR_DEFINITIONS = (
					"DEBUG=1",
					"$(inherited)",
				);
				GCC_WARN_64_TO_32_BIT_CONVERSION = YES;
				GCC_WARN_ABOUT_RETURN_TYPE = YES_ERROR;
				GCC_WARN_UNDECLARED_SELECTOR = YES;
				GCC_WARN_UNINITIALIZED_AUTOS = YES_AGGRESSIVE;
				GCC_WARN_UNUSED_FUNCTION = YES;
				GCC_WARN_UNUSED_VARIABLE = YES;
				MACOSX_DEPLOYMENT_TARGET = 10.11;
				MTL_ENABLE_DEBUG_INFO = YES;
				ONLY_ACTIVE_ARCH = YES;
				SDKROOT = macosx;
			};
			name = Debug;
		};
		923ED5541C1FBC98007DED43 /* Release */ = {
			isa = XCBuildConfiguration;
			buildSettings = {
				ALWAYS_SEARCH_USER_PATHS = NO;
				CLANG_CXX_LANGUAGE_STANDARD = "gnu++0x";
				CLANG_CXX_LIBRARY = "libc++";
				CLANG_ENABLE_MODULES = YES;
				CLANG_ENABLE_OBJC_ARC = YES;
				CLANG_WARN_BOOL_CONVERSION = YES;
				CLANG_WARN_CONSTANT_CONVERSION = YES;
				CLANG_WARN_DIRECT_OBJC_ISA_USAGE = YES_ERROR;
				CLANG_WARN_EMPTY_BODY = YES;
				CLANG_WARN_ENUM_CONVERSION = YES;
				CLANG_WARN_INT_CONVERSION = YES;
				CLANG_WARN_OBJC_ROOT_CLASS = YES_ERROR;
				CLANG_WARN_UNREACHABLE_CODE = YES;
				CLANG_WARN__DUPLICATE_METHOD_MATCH = YES;
				CODE_SIGN_IDENTITY = "-";
				COPY_PHASE_STRIP = NO;
				DEBUG_INFORMATION_FORMAT = "dwarf-with-dsym";
				ENABLE_NS_ASSERTIONS = NO;
				ENABLE_STRICT_OBJC_MSGSEND = YES;
				GCC_C_LANGUAGE_STANDARD = gnu99;
				GCC_NO_COMMON_BLOCKS = YES;
				GCC_WARN_64_TO_32_BIT_CONVERSION = YES;
				GCC_WARN_ABOUT_RETURN_TYPE = YES_ERROR;
				GCC_WARN_UNDECLARED_SELECTOR = YES;
				GCC_WARN_UNINITIALIZED_AUTOS = YES_AGGRESSIVE;
				GCC_WARN_UNUSED_FUNCTION = YES;
				GCC_WARN_UNUSED_VARIABLE = YES;
				MACOSX_DEPLOYMENT_TARGET = 10.11;
				MTL_ENABLE_DEBUG_INFO = NO;
				SDKROOT = macosx;
			};
			name = Release;
		};
		923ED5561C1FBC98007DED43 /* Debug */ = {
			isa = XCBuildConfiguration;
			buildSettings = {
				PRODUCT_NAME = "$(TARGET_NAME)";
			};
			name = Debug;
		};
		923ED5571C1FBC98007DED43 /* Release */ = {
			isa = XCBuildConfiguration;
			buildSettings = {
				PRODUCT_NAME = "$(TARGET_NAME)";
			};
			name = Release;
		};
/* End XCBuildConfiguration section */

/* Begin XCConfigurationList section */
		923ED5491C1FBC98007DED43 /* Build configuration list for PBXProject "diyizhang" */ = {
			isa = XCConfigurationList;
			buildConfigurations = (
				923ED5531C1FBC98007DED43 /* Debug */,
				923ED5541C1FBC98007DED43 /* Release */,
			);
			defaultConfigurationIsVisible = 0;
			defaultConfigurationName = Release;
		};
		923ED5551C1FBC98007DED43 /* Build configuration list for PBXNativeTarget "diyizhang" */ = {
			isa = XCConfigurationList;
			buildConfigurations = (
				923ED5561C1FBC98007DED43 /* Debug */,
				923ED5571C1FBC98007DED43 /* Release */,
			);
			defaultConfigurationIsVisible = 0;
			defaultConfigurationName = Release;
		};
/* End XCConfigurationList section */
	};
	rootObject = 923ED5461C1FBC98007DED43 /* Project object */;
}
