// !$*UTF8*$!
{
	archiveVersion = 1;
	classes = {
	};
	objectVersion = 46;
	objects = {

/* Begin PBXBuildFile section */
		92F1972F1C5634710062742A /* constcast.cpp in Sources */ = {isa = PBXBuildFile; fileRef = 9200ED931C53A806005AF4B4 /* constcast.cpp */; };
/* End PBXBuildFile section */

/* Begin PBXCopyFilesBuildPhase section */
		9201C79E1C4905D200EE2665 /* CopyFiles */ = {
			isa = PBXCopyFilesBuildPhase;
			buildActionMask = 2147483647;
			dstPath = /usr/share/man/man1/;
			dstSubfolderSpec = 0;
			files = (
			);
			runOnlyForDeploymentPostprocessing = 1;
		};
/* End PBXCopyFilesBuildPhase section */

/* Begin PBXFileReference section */
		9200ED931C53A806005AF4B4 /* constcast.cpp */ = {isa = PBXFileReference; fileEncoding = 4; lastKnownFileType = sourcecode.cpp.cpp; path = constcast.cpp; sourceTree = "<group>"; };
		9201C7A01C4905D200EE2665 /* dishiwuzhang */ = {isa = PBXFileReference; explicitFileType = "compiled.mach-o.executable"; includeInIndex = 0; path = dishiwuzhang; sourceTree = BUILT_PRODUCTS_DIR; };
		9201C7AA1C49091100EE2665 /* tv.h */ = {isa = PBXFileReference; lastKnownFileType = sourcecode.c.h; path = tv.h; sourceTree = "<group>"; };
		9201C7AB1C49107500EE2665 /* tv.cpp */ = {isa = PBXFileReference; fileEncoding = 4; lastKnownFileType = sourcecode.cpp.cpp; path = tv.cpp; sourceTree = "<group>"; };
		92C5491F1C51C5B400AB7441 /* exc_mean.cpp */ = {isa = PBXFileReference; fileEncoding = 4; lastKnownFileType = sourcecode.cpp.cpp; path = exc_mean.cpp; sourceTree = "<group>"; };
		92C549211C51C70600AB7441 /* error4.cpp */ = {isa = PBXFileReference; fileEncoding = 4; lastKnownFileType = sourcecode.cpp.cpp; path = error4.cpp; sourceTree = "<group>"; };
		92C549231C51D8C200AB7441 /* error5.cpp */ = {isa = PBXFileReference; fileEncoding = 4; lastKnownFileType = sourcecode.cpp.cpp; path = error5.cpp; sourceTree = "<group>"; };
		92C549251C52156E00AB7441 /* newexcp.cpp */ = {isa = PBXFileReference; fileEncoding = 4; lastKnownFileType = sourcecode.cpp.cpp; path = newexcp.cpp; sourceTree = "<group>"; };
		92C549271C52187200AB7441 /* sales.h */ = {isa = PBXFileReference; lastKnownFileType = sourcecode.c.h; path = sales.h; sourceTree = "<group>"; };
		92C549281C5221A600AB7441 /* sales.cpp */ = {isa = PBXFileReference; fileEncoding = 4; lastKnownFileType = sourcecode.cpp.cpp; path = sales.cpp; sourceTree = "<group>"; };
		92C5492A1C5225AC00AB7441 /* use_sales.cpp */ = {isa = PBXFileReference; fileEncoding = 4; lastKnownFileType = sourcecode.cpp.cpp; path = use_sales.cpp; sourceTree = "<group>"; };
		92C5492C1C52487B00AB7441 /* rtti1.cpp */ = {isa = PBXFileReference; fileEncoding = 4; lastKnownFileType = sourcecode.cpp.cpp; path = rtti1.cpp; sourceTree = "<group>"; };
		92C5492E1C5254C300AB7441 /* rtti2.cpp */ = {isa = PBXFileReference; fileEncoding = 4; lastKnownFileType = sourcecode.cpp.cpp; path = rtti2.cpp; sourceTree = "<group>"; };
		92E468101C4C7B3700617535 /* use_tv.cpp */ = {isa = PBXFileReference; fileEncoding = 4; lastKnownFileType = sourcecode.cpp.cpp; path = use_tv.cpp; sourceTree = "<group>"; };
		92E468121C4CD01700617535 /* queuetp.h */ = {isa = PBXFileReference; lastKnownFileType = sourcecode.c.h; path = queuetp.h; sourceTree = "<group>"; };
		92E468131C4CE09400617535 /* nested.cpp */ = {isa = PBXFileReference; fileEncoding = 4; lastKnownFileType = sourcecode.cpp.cpp; path = nested.cpp; sourceTree = "<group>"; };
		92E468151C4CF60500617535 /* error1.cpp */ = {isa = PBXFileReference; fileEncoding = 4; lastKnownFileType = sourcecode.cpp.cpp; path = error1.cpp; sourceTree = "<group>"; };
		92E468171C4CF84300617535 /* error2.cpp */ = {isa = PBXFileReference; fileEncoding = 4; lastKnownFileType = sourcecode.cpp.cpp; path = error2.cpp; sourceTree = "<group>"; };
		92E468191C4CFD6900617535 /* error3.cpp */ = {isa = PBXFileReference; fileEncoding = 4; lastKnownFileType = sourcecode.cpp.cpp; path = error3.cpp; sourceTree = "<group>"; };
		92F197221C55BF840062742A /* tvfm.h */ = {isa = PBXFileReference; lastKnownFileType = sourcecode.c.h; path = tvfm.h; sourceTree = "<group>"; };
/* End PBXFileReference section */

/* Begin PBXFrameworksBuildPhase section */
		9201C79D1C4905D200EE2665 /* Frameworks */ = {
			isa = PBXFrameworksBuildPhase;
			buildActionMask = 2147483647;
			files = (
			);
			runOnlyForDeploymentPostprocessing = 0;
		};
/* End PBXFrameworksBuildPhase section */

/* Begin PBXGroup section */
		9201C7971C4905D200EE2665 = {
			isa = PBXGroup;
			children = (
				9201C7A21C4905D200EE2665 /* dishiwuzhang */,
				9201C7A11C4905D200EE2665 /* Products */,
			);
			sourceTree = "<group>";
		};
		9201C7A11C4905D200EE2665 /* Products */ = {
			isa = PBXGroup;
			children = (
				9201C7A01C4905D200EE2665 /* dishiwuzhang */,
			);
			name = Products;
			sourceTree = "<group>";
		};
		9201C7A21C4905D200EE2665 /* dishiwuzhang */ = {
			isa = PBXGroup;
			children = (
				9201C7AA1C49091100EE2665 /* tv.h */,
				9201C7AB1C49107500EE2665 /* tv.cpp */,
				92F197221C55BF840062742A /* tvfm.h */,
				92E468101C4C7B3700617535 /* use_tv.cpp */,
				92E468121C4CD01700617535 /* queuetp.h */,
				92E468131C4CE09400617535 /* nested.cpp */,
				92E468151C4CF60500617535 /* error1.cpp */,
				92E468171C4CF84300617535 /* error2.cpp */,
				92E468191C4CFD6900617535 /* error3.cpp */,
				92C5491F1C51C5B400AB7441 /* exc_mean.cpp */,
				92C549211C51C70600AB7441 /* error4.cpp */,
				92C549231C51D8C200AB7441 /* error5.cpp */,
				92C549251C52156E00AB7441 /* newexcp.cpp */,
				92C549271C52187200AB7441 /* sales.h */,
				92C549281C5221A600AB7441 /* sales.cpp */,
				92C5492A1C5225AC00AB7441 /* use_sales.cpp */,
				92C5492C1C52487B00AB7441 /* rtti1.cpp */,
				92C5492E1C5254C300AB7441 /* rtti2.cpp */,
				9200ED931C53A806005AF4B4 /* constcast.cpp */,
			);
			path = dishiwuzhang;
			sourceTree = "<group>";
		};
/* End PBXGroup section */

/* Begin PBXNativeTarget section */
		9201C79F1C4905D200EE2665 /* dishiwuzhang */ = {
			isa = PBXNativeTarget;
			buildConfigurationList = 9201C7A71C4905D200EE2665 /* Build configuration list for PBXNativeTarget "dishiwuzhang" */;
			buildPhases = (
				9201C79C1C4905D200EE2665 /* Sources */,
				9201C79D1C4905D200EE2665 /* Frameworks */,
				9201C79E1C4905D200EE2665 /* CopyFiles */,
			);
			buildRules = (
			);
			dependencies = (
			);
			name = dishiwuzhang;
			productName = dishiwuzhang;
			productReference = 9201C7A01C4905D200EE2665 /* dishiwuzhang */;
			productType = "com.apple.product-type.tool";
		};
/* End PBXNativeTarget section */

/* Begin PBXProject section */
		9201C7981C4905D200EE2665 /* Project object */ = {
			isa = PBXProject;
			attributes = {
				LastUpgradeCheck = 0720;
				ORGANIZATIONNAME = csii;
				TargetAttributes = {
					9201C79F1C4905D200EE2665 = {
						CreatedOnToolsVersion = 7.2;
					};
				};
			};
			buildConfigurationList = 9201C79B1C4905D200EE2665 /* Build configuration list for PBXProject "dishiwuzhang" */;
			compatibilityVersion = "Xcode 3.2";
			developmentRegion = English;
			hasScannedForEncodings = 0;
			knownRegions = (
				en,
			);
			mainGroup = 9201C7971C4905D200EE2665;
			productRefGroup = 9201C7A11C4905D200EE2665 /* Products */;
			projectDirPath = "";
			projectRoot = "";
			targets = (
				9201C79F1C4905D200EE2665 /* dishiwuzhang */,
			);
		};
/* End PBXProject section */

/* Begin PBXSourcesBuildPhase section */
		9201C79C1C4905D200EE2665 /* Sources */ = {
			isa = PBXSourcesBuildPhase;
			buildActionMask = 2147483647;
			files = (
				92F1972F1C5634710062742A /* constcast.cpp in Sources */,
			);
			runOnlyForDeploymentPostprocessing = 0;
		};
/* End PBXSourcesBuildPhase section */

/* Begin XCBuildConfiguration section */
		9201C7A51C4905D200EE2665 /* Debug */ = {
			isa = XCBuildConfiguration;
			buildSettings = {
				ALWAYS_SEARCH_USER_PATHS = NO;
				CLANG_CXX_LANGUAGE_STANDARD = "gnu++0x";
				CLANG_CXX_LIBRARY = "libc++";
				CLANG_ENABLE_MODULES = YES;
				CLANG_ENABLE_OBJC_ARC = YES;
				CLANG_WARN_BOOL_CONVERSION = YES;
				CLANG_WARN_CONSTANT_CONVERSION = YES;
				CLANG_WARN_DIRECT_OBJC_ISA_USAGE = YES_ERROR;
				CLANG_WARN_EMPTY_BODY = YES;
				CLANG_WARN_ENUM_CONVERSION = YES;
				CLANG_WARN_INT_CONVERSION = YES;
				CLANG_WARN_OBJC_ROOT_CLASS = YES_ERROR;
				CLANG_WARN_UNREACHABLE_CODE = YES;
				CLANG_WARN__DUPLICATE_METHOD_MATCH = YES;
				CODE_SIGN_IDENTITY = "-";
				COPY_PHASE_STRIP = NO;
				DEBUG_INFORMATION_FORMAT = dwarf;
				ENABLE_STRICT_OBJC_MSGSEND = YES;
				ENABLE_TESTABILITY = YES;
				GCC_C_LANGUAGE_STANDARD = gnu99;
				GCC_DYNAMIC_NO_PIC = NO;
				GCC_NO_COMMON_BLOCKS = YES;
				GCC_OPTIMIZATION_LEVEL = 0;
				GCC_PREPROCESSOR_DEFINITIONS = (
					"DEBUG=1",
					"$(inherited)",
				);
				GCC_WARN_64_TO_32_BIT_CONVERSION = YES;
				GCC_WARN_ABOUT_RETURN_TYPE = YES_ERROR;
				GCC_WARN_UNDECLARED_SELECTOR = YES;
				GCC_WARN_UNINITIALIZED_AUTOS = YES_AGGRESSIVE;
				GCC_WARN_UNUSED_FUNCTION = YES;
				GCC_WARN_UNUSED_VARIABLE = YES;
				MACOSX_DEPLOYMENT_TARGET = 10.11;
				MTL_ENABLE_DEBUG_INFO = YES;
				ONLY_ACTIVE_ARCH = YES;
				SDKROOT = macosx;
			};
			name = Debug;
		};
		9201C7A61C4905D200EE2665 /* Release */ = {
			isa = XCBuildConfiguration;
			buildSettings = {
				ALWAYS_SEARCH_USER_PATHS = NO;
				CLANG_CXX_LANGUAGE_STANDARD = "gnu++0x";
				CLANG_CXX_LIBRARY = "libc++";
				CLANG_ENABLE_MODULES = YES;
				CLANG_ENABLE_OBJC_ARC = YES;
				CLANG_WARN_BOOL_CONVERSION = YES;
				CLANG_WARN_CONSTANT_CONVERSION = YES;
				CLANG_WARN_DIRECT_OBJC_ISA_USAGE = YES_ERROR;
				CLANG_WARN_EMPTY_BODY = YES;
				CLANG_WARN_ENUM_CONVERSION = YES;
				CLANG_WARN_INT_CONVERSION = YES;
				CLANG_WARN_OBJC_ROOT_CLASS = YES_ERROR;
				CLANG_WARN_UNREACHABLE_CODE = YES;
				CLANG_WARN__DUPLICATE_METHOD_MATCH = YES;
				CODE_SIGN_IDENTITY = "-";
				COPY_PHASE_STRIP = NO;
				DEBUG_INFORMATION_FORMAT = "dwarf-with-dsym";
				ENABLE_NS_ASSERTIONS = NO;
				ENABLE_STRICT_OBJC_MSGSEND = YES;
				GCC_C_LANGUAGE_STANDARD = gnu99;
				GCC_NO_COMMON_BLOCKS = YES;
				GCC_WARN_64_TO_32_BIT_CONVERSION = YES;
				GCC_WARN_ABOUT_RETURN_TYPE = YES_ERROR;
				GCC_WARN_UNDECLARED_SELECTOR = YES;
				GCC_WARN_UNINITIALIZED_AUTOS = YES_AGGRESSIVE;
				GCC_WARN_UNUSED_FUNCTION = YES;
				GCC_WARN_UNUSED_VARIABLE = YES;
				MACOSX_DEPLOYMENT_TARGET = 10.11;
				MTL_ENABLE_DEBUG_INFO = NO;
				SDKROOT = macosx;
			};
			name = Release;
		};
		9201C7A81C4905D200EE2665 /* Debug */ = {
			isa = XCBuildConfiguration;
			buildSettings = {
				PRODUCT_NAME = "$(TARGET_NAME)";
			};
			name = Debug;
		};
		9201C7A91C4905D200EE2665 /* Release */ = {
			isa = XCBuildConfiguration;
			buildSettings = {
				PRODUCT_NAME = "$(TARGET_NAME)";
			};
			name = Release;
		};
/* End XCBuildConfiguration section */

/* Begin XCConfigurationList section */
		9201C79B1C4905D200EE2665 /* Build configuration list for PBXProject "dishiwuzhang" */ = {
			isa = XCConfigurationList;
			buildConfigurations = (
				9201C7A51C4905D200EE2665 /* Debug */,
				9201C7A61C4905D200EE2665 /* Release */,
			);
			defaultConfigurationIsVisible = 0;
			defaultConfigurationName = Release;
		};
		9201C7A71C4905D200EE2665 /* Build configuration list for PBXNativeTarget "dishiwuzhang" */ = {
			isa = XCConfigurationList;
			buildConfigurations = (
				9201C7A81C4905D200EE2665 /* Debug */,
				9201C7A91C4905D200EE2665 /* Release */,
			);
			defaultConfigurationIsVisible = 0;
			defaultConfigurationName = Release;
		};
/* End XCConfigurationList section */
	};
	rootObject = 9201C7981C4905D200EE2665 /* Project object */;
}
