// !$*UTF8*$!
{
	archiveVersion = 1;
	classes = {
	};
	objectVersion = 46;
	objects = {

/* Begin PBXBuildFile section */
		9234F3EA1C3112380088FA72 /* temptempover.cpp in Sources */ = {isa = PBXBuildFile; fileRef = 9234F3E91C3112380088FA72 /* temptempover.cpp */; };
/* End PBXBuildFile section */

/* Begin PBXCopyFilesBuildPhase section */
		929284F81C2CDCCF00FD17F0 /* CopyFiles */ = {
			isa = PBXCopyFilesBuildPhase;
			buildActionMask = 2147483647;
			dstPath = /usr/share/man/man1/;
			dstSubfolderSpec = 0;
			files = (
			);
			runOnlyForDeploymentPostprocessing = 1;
		};
/* End PBXCopyFilesBuildPhase section */

/* Begin PBXFileReference section */
		9234F3E31C30DD410088FA72 /* funtemp.cpp */ = {isa = PBXFileReference; fileEncoding = 4; lastKnownFileType = sourcecode.cpp.cpp; path = funtemp.cpp; sourceTree = "<group>"; };
		9234F3E51C30E2120088FA72 /* twotemps.cpp */ = {isa = PBXFileReference; fileEncoding = 4; lastKnownFileType = sourcecode.cpp.cpp; path = twotemps.cpp; sourceTree = "<group>"; };
		9234F3E71C30EFF40088FA72 /* twoswap.cpp */ = {isa = PBXFileReference; fileEncoding = 4; lastKnownFileType = sourcecode.cpp.cpp; path = twoswap.cpp; sourceTree = "<group>"; };
		9234F3E91C3112380088FA72 /* temptempover.cpp */ = {isa = PBXFileReference; fileEncoding = 4; lastKnownFileType = sourcecode.cpp.cpp; path = temptempover.cpp; sourceTree = "<group>"; };
		929284FA1C2CDCCF00FD17F0 /* dibazhang */ = {isa = PBXFileReference; explicitFileType = "compiled.mach-o.executable"; includeInIndex = 0; path = dibazhang; sourceTree = BUILT_PRODUCTS_DIR; };
		929285041C2CEBEA00FD17F0 /* firstref.cpp */ = {isa = PBXFileReference; fileEncoding = 4; lastKnownFileType = sourcecode.cpp.cpp; path = firstref.cpp; sourceTree = "<group>"; };
		929285061C2CF03E00FD17F0 /* sceref.cpp */ = {isa = PBXFileReference; fileEncoding = 4; lastKnownFileType = sourcecode.cpp.cpp; path = sceref.cpp; sourceTree = "<group>"; };
		929285081C2CF41300FD17F0 /* swaps.cpp */ = {isa = PBXFileReference; fileEncoding = 4; lastKnownFileType = sourcecode.cpp.cpp; path = swaps.cpp; sourceTree = "<group>"; };
		929285151C2D1B5F00FD17F0 /* main.cpp */ = {isa = PBXFileReference; fileEncoding = 4; lastKnownFileType = sourcecode.cpp.cpp; path = main.cpp; sourceTree = "<group>"; };
		929285171C2D1BAC00FD17F0 /* cubes.cpp */ = {isa = PBXFileReference; fileEncoding = 4; lastKnownFileType = sourcecode.cpp.cpp; path = cubes.cpp; sourceTree = "<group>"; };
		9292851A1C2D2A7F00FD17F0 /* strtref.cpp */ = {isa = PBXFileReference; fileEncoding = 4; lastKnownFileType = sourcecode.cpp.cpp; path = strtref.cpp; sourceTree = "<group>"; };
		9292851C1C2D33F300FD17F0 /* strquote.cpp */ = {isa = PBXFileReference; fileEncoding = 4; lastKnownFileType = sourcecode.cpp.cpp; path = strquote.cpp; sourceTree = "<group>"; };
		9292851E1C2D3C5200FD17F0 /* filefunc.cpp */ = {isa = PBXFileReference; fileEncoding = 4; lastKnownFileType = sourcecode.cpp.cpp; path = filefunc.cpp; sourceTree = "<group>"; };
		929285211C2D4BEE00FD17F0 /* left.cpp */ = {isa = PBXFileReference; fileEncoding = 4; lastKnownFileType = sourcecode.cpp.cpp; path = left.cpp; sourceTree = "<group>"; };
		929285231C2D55F100FD17F0 /* leftover.cpp */ = {isa = PBXFileReference; fileEncoding = 4; lastKnownFileType = sourcecode.cpp.cpp; path = leftover.cpp; sourceTree = "<group>"; };
/* End PBXFileReference section */

/* Begin PBXFrameworksBuildPhase section */
		929284F71C2CDCCF00FD17F0 /* Frameworks */ = {
			isa = PBXFrameworksBuildPhase;
			buildActionMask = 2147483647;
			files = (
			);
			runOnlyForDeploymentPostprocessing = 0;
		};
/* End PBXFrameworksBuildPhase section */

/* Begin PBXGroup section */
		929284F11C2CDCCF00FD17F0 = {
			isa = PBXGroup;
			children = (
				929284FC1C2CDCCF00FD17F0 /* dibazhang */,
				929284FB1C2CDCCF00FD17F0 /* Products */,
			);
			sourceTree = "<group>";
		};
		929284FB1C2CDCCF00FD17F0 /* Products */ = {
			isa = PBXGroup;
			children = (
				929284FA1C2CDCCF00FD17F0 /* dibazhang */,
			);
			name = Products;
			sourceTree = "<group>";
		};
		929284FC1C2CDCCF00FD17F0 /* dibazhang */ = {
			isa = PBXGroup;
			children = (
				929285151C2D1B5F00FD17F0 /* main.cpp */,
				929285041C2CEBEA00FD17F0 /* firstref.cpp */,
				929285061C2CF03E00FD17F0 /* sceref.cpp */,
				929285081C2CF41300FD17F0 /* swaps.cpp */,
				929285171C2D1BAC00FD17F0 /* cubes.cpp */,
				9292851A1C2D2A7F00FD17F0 /* strtref.cpp */,
				9292851C1C2D33F300FD17F0 /* strquote.cpp */,
				9292851E1C2D3C5200FD17F0 /* filefunc.cpp */,
				929285211C2D4BEE00FD17F0 /* left.cpp */,
				929285231C2D55F100FD17F0 /* leftover.cpp */,
				9234F3E31C30DD410088FA72 /* funtemp.cpp */,
				9234F3E51C30E2120088FA72 /* twotemps.cpp */,
				9234F3E71C30EFF40088FA72 /* twoswap.cpp */,
				9234F3E91C3112380088FA72 /* temptempover.cpp */,
			);
			path = dibazhang;
			sourceTree = "<group>";
		};
/* End PBXGroup section */

/* Begin PBXNativeTarget section */
		929284F91C2CDCCF00FD17F0 /* dibazhang */ = {
			isa = PBXNativeTarget;
			buildConfigurationList = 929285011C2CDCCF00FD17F0 /* Build configuration list for PBXNativeTarget "dibazhang" */;
			buildPhases = (
				929284F61C2CDCCF00FD17F0 /* Sources */,
				929284F71C2CDCCF00FD17F0 /* Frameworks */,
				929284F81C2CDCCF00FD17F0 /* CopyFiles */,
			);
			buildRules = (
			);
			dependencies = (
			);
			name = dibazhang;
			productName = dibazhang;
			productReference = 929284FA1C2CDCCF00FD17F0 /* dibazhang */;
			productType = "com.apple.product-type.tool";
		};
/* End PBXNativeTarget section */

/* Begin PBXProject section */
		929284F21C2CDCCF00FD17F0 /* Project object */ = {
			isa = PBXProject;
			attributes = {
				LastUpgradeCheck = 0720;
				ORGANIZATIONNAME = csii;
				TargetAttributes = {
					929284F91C2CDCCF00FD17F0 = {
						CreatedOnToolsVersion = 7.2;
					};
				};
			};
			buildConfigurationList = 929284F51C2CDCCF00FD17F0 /* Build configuration list for PBXProject "dibazhang" */;
			compatibilityVersion = "Xcode 3.2";
			developmentRegion = English;
			hasScannedForEncodings = 0;
			knownRegions = (
				en,
			);
			mainGroup = 929284F11C2CDCCF00FD17F0;
			productRefGroup = 929284FB1C2CDCCF00FD17F0 /* Products */;
			projectDirPath = "";
			projectRoot = "";
			targets = (
				929284F91C2CDCCF00FD17F0 /* dibazhang */,
			);
		};
/* End PBXProject section */

/* Begin PBXSourcesBuildPhase section */
		929284F61C2CDCCF00FD17F0 /* Sources */ = {
			isa = PBXSourcesBuildPhase;
			buildActionMask = 2147483647;
			files = (
				9234F3EA1C3112380088FA72 /* temptempover.cpp in Sources */,
			);
			runOnlyForDeploymentPostprocessing = 0;
		};
/* End PBXSourcesBuildPhase section */

/* Begin XCBuildConfiguration section */
		929284FF1C2CDCCF00FD17F0 /* Debug */ = {
			isa = XCBuildConfiguration;
			buildSettings = {
				ALWAYS_SEARCH_USER_PATHS = NO;
				CLANG_CXX_LANGUAGE_STANDARD = "gnu++0x";
				CLANG_CXX_LIBRARY = "libc++";
				CLANG_ENABLE_MODULES = YES;
				CLANG_ENABLE_OBJC_ARC = YES;
				CLANG_WARN_BOOL_CONVERSION = YES;
				CLANG_WARN_CONSTANT_CONVERSION = YES;
				CLANG_WARN_DIRECT_OBJC_ISA_USAGE = YES_ERROR;
				CLANG_WARN_EMPTY_BODY = YES;
				CLANG_WARN_ENUM_CONVERSION = YES;
				CLANG_WARN_INT_CONVERSION = YES;
				CLANG_WARN_OBJC_ROOT_CLASS = YES_ERROR;
				CLANG_WARN_UNREACHABLE_CODE = YES;
				CLANG_WARN__DUPLICATE_METHOD_MATCH = YES;
				CODE_SIGN_IDENTITY = "-";
				COPY_PHASE_STRIP = NO;
				DEBUG_INFORMATION_FORMAT = dwarf;
				ENABLE_STRICT_OBJC_MSGSEND = YES;
				ENABLE_TESTABILITY = YES;
				GCC_C_LANGUAGE_STANDARD = gnu99;
				GCC_DYNAMIC_NO_PIC = NO;
				GCC_NO_COMMON_BLOCKS = YES;
				GCC_OPTIMIZATION_LEVEL = 0;
				GCC_PREPROCESSOR_DEFINITIONS = (
					"DEBUG=1",
					"$(inherited)",
				);
				GCC_WARN_64_TO_32_BIT_CONVERSION = YES;
				GCC_WARN_ABOUT_RETURN_TYPE = YES_ERROR;
				GCC_WARN_UNDECLARED_SELECTOR = YES;
				GCC_WARN_UNINITIALIZED_AUTOS = YES_AGGRESSIVE;
				GCC_WARN_UNUSED_FUNCTION = YES;
				GCC_WARN_UNUSED_VARIABLE = YES;
				MACOSX_DEPLOYMENT_TARGET = 10.11;
				MTL_ENABLE_DEBUG_INFO = YES;
				ONLY_ACTIVE_ARCH = YES;
				SDKROOT = macosx;
			};
			name = Debug;
		};
		929285001C2CDCCF00FD17F0 /* Release */ = {
			isa = XCBuildConfiguration;
			buildSettings = {
				ALWAYS_SEARCH_USER_PATHS = NO;
				CLANG_CXX_LANGUAGE_STANDARD = "gnu++0x";
				CLANG_CXX_LIBRARY = "libc++";
				CLANG_ENABLE_MODULES = YES;
				CLANG_ENABLE_OBJC_ARC = YES;
				CLANG_WARN_BOOL_CONVERSION = YES;
				CLANG_WARN_CONSTANT_CONVERSION = YES;
				CLANG_WARN_DIRECT_OBJC_ISA_USAGE = YES_ERROR;
				CLANG_WARN_EMPTY_BODY = YES;
				CLANG_WARN_ENUM_CONVERSION = YES;
				CLANG_WARN_INT_CONVERSION = YES;
				CLANG_WARN_OBJC_ROOT_CLASS = YES_ERROR;
				CLANG_WARN_UNREACHABLE_CODE = YES;
				CLANG_WARN__DUPLICATE_METHOD_MATCH = YES;
				CODE_SIGN_IDENTITY = "-";
				COPY_PHASE_STRIP = NO;
				DEBUG_INFORMATION_FORMAT = "dwarf-with-dsym";
				ENABLE_NS_ASSERTIONS = NO;
				ENABLE_STRICT_OBJC_MSGSEND = YES;
				GCC_C_LANGUAGE_STANDARD = gnu99;
				GCC_NO_COMMON_BLOCKS = YES;
				GCC_WARN_64_TO_32_BIT_CONVERSION = YES;
				GCC_WARN_ABOUT_RETURN_TYPE = YES_ERROR;
				GCC_WARN_UNDECLARED_SELECTOR = YES;
				GCC_WARN_UNINITIALIZED_AUTOS = YES_AGGRESSIVE;
				GCC_WARN_UNUSED_FUNCTION = YES;
				GCC_WARN_UNUSED_VARIABLE = YES;
				MACOSX_DEPLOYMENT_TARGET = 10.11;
				MTL_ENABLE_DEBUG_INFO = NO;
				SDKROOT = macosx;
			};
			name = Release;
		};
		929285021C2CDCCF00FD17F0 /* Debug */ = {
			isa = XCBuildConfiguration;
			buildSettings = {
				PRODUCT_NAME = "$(TARGET_NAME)";
			};
			name = Debug;
		};
		929285031C2CDCCF00FD17F0 /* Release */ = {
			isa = XCBuildConfiguration;
			buildSettings = {
				PRODUCT_NAME = "$(TARGET_NAME)";
			};
			name = Release;
		};
/* End XCBuildConfiguration section */

/* Begin XCConfigurationList section */
		929284F51C2CDCCF00FD17F0 /* Build configuration list for PBXProject "dibazhang" */ = {
			isa = XCConfigurationList;
			buildConfigurations = (
				929284FF1C2CDCCF00FD17F0 /* Debug */,
				929285001C2CDCCF00FD17F0 /* Release */,
			);
			defaultConfigurationIsVisible = 0;
			defaultConfigurationName = Release;
		};
		929285011C2CDCCF00FD17F0 /* Build configuration list for PBXNativeTarget "dibazhang" */ = {
			isa = XCConfigurationList;
			buildConfigurations = (
				929285021C2CDCCF00FD17F0 /* Debug */,
				929285031C2CDCCF00FD17F0 /* Release */,
			);
			defaultConfigurationIsVisible = 0;
			defaultConfigurationName = Release;
		};
/* End XCConfigurationList section */
	};
	rootObject = 929284F21C2CDCCF00FD17F0 /* Project object */;
}
