// !$*UTF8*$!
{
	archiveVersion = 1;
	classes = {
	};
	objectVersion = 46;
	objects = {

/* Begin PBXBuildFile section */
		AA502607221FD92800A417A0 /* main.cpp in Sources */ = {isa = PBXBuildFile; fileRef = 92DB1EB81C336A7D009363F6 /* main.cpp */; };
/* End PBXBuildFile section */

/* Begin PBXCopyFilesBuildPhase section */
		92DB1EB31C336A7D009363F6 /* CopyFiles */ = {
			isa = PBXCopyFilesBuildPhase;
			buildActionMask = 2147483647;
			dstPath = /usr/share/man/man1/;
			dstSubfolderSpec = 0;
			files = (
			);
			runOnlyForDeploymentPostprocessing = 1;
		};
/* End PBXCopyFilesBuildPhase section */

/* Begin PBXFileReference section */
		92DB1EB51C336A7D009363F6 /* dishizhang */ = {isa = PBXFileReference; explicitFileType = "compiled.mach-o.executable"; includeInIndex = 0; path = dishizhang; sourceTree = BUILT_PRODUCTS_DIR; };
		92DB1EB81C336A7D009363F6 /* main.cpp */ = {isa = PBXFileReference; lastKnownFileType = sourcecode.cpp.cpp; path = main.cpp; sourceTree = "<group>"; };
		92DB1EBF1C33BE09009363F6 /* stock1.h */ = {isa = PBXFileReference; lastKnownFileType = sourcecode.c.h; path = stock1.h; sourceTree = "<group>"; };
		92DB1EC01C33BF92009363F6 /* stock1.cpp */ = {isa = PBXFileReference; fileEncoding = 4; lastKnownFileType = sourcecode.cpp.cpp; path = stock1.cpp; sourceTree = "<group>"; };
		92DB1EC21C33C3C6009363F6 /* usestock1.cpp */ = {isa = PBXFileReference; fileEncoding = 4; lastKnownFileType = sourcecode.cpp.cpp; path = usestock1.cpp; sourceTree = "<group>"; };
		92DB1EC41C33E87D009363F6 /* usestock2.cpp */ = {isa = PBXFileReference; fileEncoding = 4; lastKnownFileType = sourcecode.cpp.cpp; path = usestock2.cpp; sourceTree = "<group>"; };
		92DB1EC61C33F31D009363F6 /* stack.h */ = {isa = PBXFileReference; lastKnownFileType = sourcecode.c.h; path = stack.h; sourceTree = "<group>"; };
		92DB1EC71C33F422009363F6 /* stack.cpp */ = {isa = PBXFileReference; fileEncoding = 4; lastKnownFileType = sourcecode.cpp.cpp; path = stack.cpp; sourceTree = "<group>"; };
		92DB1EC91C33F588009363F6 /* stacker.cpp */ = {isa = PBXFileReference; fileEncoding = 4; lastKnownFileType = sourcecode.cpp.cpp; path = stacker.cpp; sourceTree = "<group>"; };
/* End PBXFileReference section */

/* Begin PBXFrameworksBuildPhase section */
		92DB1EB21C336A7D009363F6 /* Frameworks */ = {
			isa = PBXFrameworksBuildPhase;
			buildActionMask = 2147483647;
			files = (
			);
			runOnlyForDeploymentPostprocessing = 0;
		};
/* End PBXFrameworksBuildPhase section */

/* Begin PBXGroup section */
		92DB1EAC1C336A7D009363F6 = {
			isa = PBXGroup;
			children = (
				92DB1EB71C336A7D009363F6 /* dishizhang */,
				92DB1EB61C336A7D009363F6 /* Products */,
			);
			sourceTree = "<group>";
		};
		92DB1EB61C336A7D009363F6 /* Products */ = {
			isa = PBXGroup;
			children = (
				92DB1EB51C336A7D009363F6 /* dishizhang */,
			);
			name = Products;
			sourceTree = "<group>";
		};
		92DB1EB71C336A7D009363F6 /* dishizhang */ = {
			isa = PBXGroup;
			children = (
				92DB1EB81C336A7D009363F6 /* main.cpp */,
				92DB1EBF1C33BE09009363F6 /* stock1.h */,
				92DB1EC01C33BF92009363F6 /* stock1.cpp */,
				92DB1EC21C33C3C6009363F6 /* usestock1.cpp */,
				92DB1EC41C33E87D009363F6 /* usestock2.cpp */,
				92DB1EC61C33F31D009363F6 /* stack.h */,
				92DB1EC71C33F422009363F6 /* stack.cpp */,
				92DB1EC91C33F588009363F6 /* stacker.cpp */,
			);
			path = dishizhang;
			sourceTree = "<group>";
		};
/* End PBXGroup section */

/* Begin PBXNativeTarget section */
		92DB1EB41C336A7D009363F6 /* dishizhang */ = {
			isa = PBXNativeTarget;
			buildConfigurationList = 92DB1EBC1C336A7D009363F6 /* Build configuration list for PBXNativeTarget "dishizhang" */;
			buildPhases = (
				92DB1EB11C336A7D009363F6 /* Sources */,
				92DB1EB21C336A7D009363F6 /* Frameworks */,
				92DB1EB31C336A7D009363F6 /* CopyFiles */,
			);
			buildRules = (
			);
			dependencies = (
			);
			name = dishizhang;
			productName = dishizhang;
			productReference = 92DB1EB51C336A7D009363F6 /* dishizhang */;
			productType = "com.apple.product-type.tool";
		};
/* End PBXNativeTarget section */

/* Begin PBXProject section */
		92DB1EAD1C336A7D009363F6 /* Project object */ = {
			isa = PBXProject;
			attributes = {
				LastUpgradeCheck = 0720;
				ORGANIZATIONNAME = csii;
				TargetAttributes = {
					92DB1EB41C336A7D009363F6 = {
						CreatedOnToolsVersion = 7.2;
					};
				};
			};
			buildConfigurationList = 92DB1EB01C336A7D009363F6 /* Build configuration list for PBXProject "dishizhang" */;
			compatibilityVersion = "Xcode 3.2";
			developmentRegion = English;
			hasScannedForEncodings = 0;
			knownRegions = (
				en,
			);
			mainGroup = 92DB1EAC1C336A7D009363F6;
			productRefGroup = 92DB1EB61C336A7D009363F6 /* Products */;
			projectDirPath = "";
			projectRoot = "";
			targets = (
				92DB1EB41C336A7D009363F6 /* dishizhang */,
			);
		};
/* End PBXProject section */

/* Begin PBXSourcesBuildPhase section */
		92DB1EB11C336A7D009363F6 /* Sources */ = {
			isa = PBXSourcesBuildPhase;
			buildActionMask = 2147483647;
			files = (
				AA502607221FD92800A417A0 /* main.cpp in Sources */,
			);
			runOnlyForDeploymentPostprocessing = 0;
		};
/* End PBXSourcesBuildPhase section */

/* Begin XCBuildConfiguration section */
		92DB1EBA1C336A7D009363F6 /* Debug */ = {
			isa = XCBuildConfiguration;
			buildSettings = {
				ALWAYS_SEARCH_USER_PATHS = NO;
				CLANG_CXX_LANGUAGE_STANDARD = "gnu++0x";
				CLANG_CXX_LIBRARY = "libc++";
				CLANG_ENABLE_MODULES = YES;
				CLANG_ENABLE_OBJC_ARC = YES;
				CLANG_WARN_BOOL_CONVERSION = YES;
				CLANG_WARN_CONSTANT_CONVERSION = YES;
				CLANG_WARN_DIRECT_OBJC_ISA_USAGE = YES_ERROR;
				CLANG_WARN_EMPTY_BODY = YES;
				CLANG_WARN_ENUM_CONVERSION = YES;
				CLANG_WARN_INT_CONVERSION = YES;
				CLANG_WARN_OBJC_ROOT_CLASS = YES_ERROR;
				CLANG_WARN_UNREACHABLE_CODE = YES;
				CLANG_WARN__DUPLICATE_METHOD_MATCH = YES;
				CODE_SIGN_IDENTITY = "-";
				COPY_PHASE_STRIP = NO;
				DEBUG_INFORMATION_FORMAT = dwarf;
				ENABLE_STRICT_OBJC_MSGSEND = YES;
				ENABLE_TESTABILITY = YES;
				GCC_C_LANGUAGE_STANDARD = gnu99;
				GCC_DYNAMIC_NO_PIC = NO;
				GCC_NO_COMMON_BLOCKS = YES;
				GCC_OPTIMIZATION_LEVEL = 0;
				GCC_PREPROCESSOR_DEFINITIONS = (
					"DEBUG=1",
					"$(inherited)",
				);
				GCC_WARN_64_TO_32_BIT_CONVERSION = YES;
				GCC_WARN_ABOUT_RETURN_TYPE = YES_ERROR;
				GCC_WARN_UNDECLARED_SELECTOR = YES;
				GCC_WARN_UNINITIALIZED_AUTOS = YES_AGGRESSIVE;
				GCC_WARN_UNUSED_FUNCTION = YES;
				GCC_WARN_UNUSED_VARIABLE = YES;
				MACOSX_DEPLOYMENT_TARGET = 10.11;
				MTL_ENABLE_DEBUG_INFO = YES;
				ONLY_ACTIVE_ARCH = YES;
				SDKROOT = macosx;
			};
			name = Debug;
		};
		92DB1EBB1C336A7D009363F6 /* Release */ = {
			isa = XCBuildConfiguration;
			buildSettings = {
				ALWAYS_SEARCH_USER_PATHS = NO;
				CLANG_CXX_LANGUAGE_STANDARD = "gnu++0x";
				CLANG_CXX_LIBRARY = "libc++";
				CLANG_ENABLE_MODULES = YES;
				CLANG_ENABLE_OBJC_ARC = YES;
				CLANG_WARN_BOOL_CONVERSION = YES;
				CLANG_WARN_CONSTANT_CONVERSION = YES;
				CLANG_WARN_DIRECT_OBJC_ISA_USAGE = YES_ERROR;
				CLANG_WARN_EMPTY_BODY = YES;
				CLANG_WARN_ENUM_CONVERSION = YES;
				CLANG_WARN_INT_CONVERSION = YES;
				CLANG_WARN_OBJC_ROOT_CLASS = YES_ERROR;
				CLANG_WARN_UNREACHABLE_CODE = YES;
				CLANG_WARN__DUPLICATE_METHOD_MATCH = YES;
				CODE_SIGN_IDENTITY = "-";
				COPY_PHASE_STRIP = NO;
				DEBUG_INFORMATION_FORMAT = "dwarf-with-dsym";
				ENABLE_NS_ASSERTIONS = NO;
				ENABLE_STRICT_OBJC_MSGSEND = YES;
				GCC_C_LANGUAGE_STANDARD = gnu99;
				GCC_NO_COMMON_BLOCKS = YES;
				GCC_WARN_64_TO_32_BIT_CONVERSION = YES;
				GCC_WARN_ABOUT_RETURN_TYPE = YES_ERROR;
				GCC_WARN_UNDECLARED_SELECTOR = YES;
				GCC_WARN_UNINITIALIZED_AUTOS = YES_AGGRESSIVE;
				GCC_WARN_UNUSED_FUNCTION = YES;
				GCC_WARN_UNUSED_VARIABLE = YES;
				MACOSX_DEPLOYMENT_TARGET = 10.11;
				MTL_ENABLE_DEBUG_INFO = NO;
				SDKROOT = macosx;
			};
			name = Release;
		};
		92DB1EBD1C336A7D009363F6 /* Debug */ = {
			isa = XCBuildConfiguration;
			buildSettings = {
				PRODUCT_NAME = "$(TARGET_NAME)";
			};
			name = Debug;
		};
		92DB1EBE1C336A7D009363F6 /* Release */ = {
			isa = XCBuildConfiguration;
			buildSettings = {
				PRODUCT_NAME = "$(TARGET_NAME)";
			};
			name = Release;
		};
/* End XCBuildConfiguration section */

/* Begin XCConfigurationList section */
		92DB1EB01C336A7D009363F6 /* Build configuration list for PBXProject "dishizhang" */ = {
			isa = XCConfigurationList;
			buildConfigurations = (
				92DB1EBA1C336A7D009363F6 /* Debug */,
				92DB1EBB1C336A7D009363F6 /* Release */,
			);
			defaultConfigurationIsVisible = 0;
			defaultConfigurationName = Release;
		};
		92DB1EBC1C336A7D009363F6 /* Build configuration list for PBXNativeTarget "dishizhang" */ = {
			isa = XCConfigurationList;
			buildConfigurations = (
				92DB1EBD1C336A7D009363F6 /* Debug */,
				92DB1EBE1C336A7D009363F6 /* Release */,
			);
			defaultConfigurationIsVisible = 0;
			defaultConfigurationName = Release;
		};
/* End XCConfigurationList section */
	};
	rootObject = 92DB1EAD1C336A7D009363F6 /* Project object */;
}
