// !$*UTF8*$!
{
	archiveVersion = 1;
	classes = {
	};
	objectVersion = 46;
	objects = {

/* Begin PBXBuildFile section */
		924962151C44F5F100C5601B /* dma.cpp in Sources */ = {isa = PBXBuildFile; fileRef = 924962141C44F5F100C5601B /* dma.cpp */; };
		924962171C45068F00C5601B /* usedma.cpp in Sources */ = {isa = PBXBuildFile; fileRef = 924962161C45068F00C5601B /* usedma.cpp */; };
/* End PBXBuildFile section */

/* Begin PBXCopyFilesBuildPhase section */
		92E06E171C422ED40046BF5F /* CopyFiles */ = {
			isa = PBXCopyFilesBuildPhase;
			buildActionMask = 2147483647;
			dstPath = /usr/share/man/man1/;
			dstSubfolderSpec = 0;
			files = (
			);
			runOnlyForDeploymentPostprocessing = 1;
		};
/* End PBXCopyFilesBuildPhase section */

/* Begin PBXFileReference section */
		9249620E1C44DEBB00C5601B /* acctabc.h */ = {isa = PBXFileReference; lastKnownFileType = sourcecode.c.h; path = acctabc.h; sourceTree = "<group>"; };
		9249620F1C44E2D500C5601B /* acctABC.cpp */ = {isa = PBXFileReference; fileEncoding = 4; lastKnownFileType = sourcecode.cpp.cpp; path = acctABC.cpp; sourceTree = "<group>"; };
		924962131C44F3AD00C5601B /* dma.h */ = {isa = PBXFileReference; lastKnownFileType = sourcecode.c.h; path = dma.h; sourceTree = "<group>"; };
		924962141C44F5F100C5601B /* dma.cpp */ = {isa = PBXFileReference; fileEncoding = 4; lastKnownFileType = sourcecode.cpp.cpp; path = dma.cpp; sourceTree = "<group>"; };
		924962161C45068F00C5601B /* usedma.cpp */ = {isa = PBXFileReference; fileEncoding = 4; lastKnownFileType = sourcecode.cpp.cpp; path = usedma.cpp; sourceTree = "<group>"; };
		92E06E191C422ED40046BF5F /* dishisanzhang */ = {isa = PBXFileReference; explicitFileType = "compiled.mach-o.executable"; includeInIndex = 0; path = dishisanzhang; sourceTree = BUILT_PRODUCTS_DIR; };
		92E06E261C4236BA0046BF5F /* tabten0.h */ = {isa = PBXFileReference; lastKnownFileType = sourcecode.c.h; path = tabten0.h; sourceTree = "<group>"; };
		92E06E271C4237F90046BF5F /* tabten0.cpp */ = {isa = PBXFileReference; fileEncoding = 4; lastKnownFileType = sourcecode.cpp.cpp; path = tabten0.cpp; sourceTree = "<group>"; };
		92E06E291C4239270046BF5F /* usett0.cpp */ = {isa = PBXFileReference; fileEncoding = 4; lastKnownFileType = sourcecode.cpp.cpp; path = usett0.cpp; sourceTree = "<group>"; };
		92E06E2B1C423F040046BF5F /* tabten1.h */ = {isa = PBXFileReference; lastKnownFileType = sourcecode.c.h; path = tabten1.h; sourceTree = "<group>"; };
		92E06E2C1C4241870046BF5F /* tabten1.cpp */ = {isa = PBXFileReference; fileEncoding = 4; lastKnownFileType = sourcecode.cpp.cpp; path = tabten1.cpp; sourceTree = "<group>"; };
		92E06E2E1C4247B60046BF5F /* usett1.cpp */ = {isa = PBXFileReference; fileEncoding = 4; lastKnownFileType = sourcecode.cpp.cpp; path = usett1.cpp; sourceTree = "<group>"; };
		92E06E301C4257110046BF5F /* brass.h */ = {isa = PBXFileReference; lastKnownFileType = sourcecode.c.h; path = brass.h; sourceTree = "<group>"; };
		92E06E311C425D7D0046BF5F /* brass.cpp */ = {isa = PBXFileReference; fileEncoding = 4; lastKnownFileType = sourcecode.cpp.cpp; path = brass.cpp; sourceTree = "<group>"; };
		92E06E331C4269DD0046BF5F /* usebrass1.cpp */ = {isa = PBXFileReference; fileEncoding = 4; lastKnownFileType = sourcecode.cpp.cpp; path = usebrass1.cpp; sourceTree = "<group>"; };
		92E06E351C42796C0046BF5F /* usebrass2.cpp */ = {isa = PBXFileReference; fileEncoding = 4; lastKnownFileType = sourcecode.cpp.cpp; path = usebrass2.cpp; sourceTree = "<group>"; };
/* End PBXFileReference section */

/* Begin PBXFrameworksBuildPhase section */
		92E06E161C422ED40046BF5F /* Frameworks */ = {
			isa = PBXFrameworksBuildPhase;
			buildActionMask = 2147483647;
			files = (
			);
			runOnlyForDeploymentPostprocessing = 0;
		};
/* End PBXFrameworksBuildPhase section */

/* Begin PBXGroup section */
		92E06E101C422ED40046BF5F = {
			isa = PBXGroup;
			children = (
				92E06E1B1C422ED40046BF5F /* dishisanzhang */,
				92E06E1A1C422ED40046BF5F /* Products */,
			);
			sourceTree = "<group>";
		};
		92E06E1A1C422ED40046BF5F /* Products */ = {
			isa = PBXGroup;
			children = (
				92E06E191C422ED40046BF5F /* dishisanzhang */,
			);
			name = Products;
			sourceTree = "<group>";
		};
		92E06E1B1C422ED40046BF5F /* dishisanzhang */ = {
			isa = PBXGroup;
			children = (
				92E06E261C4236BA0046BF5F /* tabten0.h */,
				92E06E271C4237F90046BF5F /* tabten0.cpp */,
				92E06E291C4239270046BF5F /* usett0.cpp */,
				92E06E2B1C423F040046BF5F /* tabten1.h */,
				92E06E2C1C4241870046BF5F /* tabten1.cpp */,
				92E06E2E1C4247B60046BF5F /* usett1.cpp */,
				92E06E301C4257110046BF5F /* brass.h */,
				92E06E311C425D7D0046BF5F /* brass.cpp */,
				92E06E331C4269DD0046BF5F /* usebrass1.cpp */,
				92E06E351C42796C0046BF5F /* usebrass2.cpp */,
				9249620E1C44DEBB00C5601B /* acctabc.h */,
				9249620F1C44E2D500C5601B /* acctABC.cpp */,
				924962131C44F3AD00C5601B /* dma.h */,
				924962141C44F5F100C5601B /* dma.cpp */,
				924962161C45068F00C5601B /* usedma.cpp */,
			);
			path = dishisanzhang;
			sourceTree = "<group>";
		};
/* End PBXGroup section */

/* Begin PBXNativeTarget section */
		92E06E181C422ED40046BF5F /* dishisanzhang */ = {
			isa = PBXNativeTarget;
			buildConfigurationList = 92E06E201C422ED40046BF5F /* Build configuration list for PBXNativeTarget "dishisanzhang" */;
			buildPhases = (
				92E06E151C422ED40046BF5F /* Sources */,
				92E06E161C422ED40046BF5F /* Frameworks */,
				92E06E171C422ED40046BF5F /* CopyFiles */,
			);
			buildRules = (
			);
			dependencies = (
			);
			name = dishisanzhang;
			productName = dishisanzhang;
			productReference = 92E06E191C422ED40046BF5F /* dishisanzhang */;
			productType = "com.apple.product-type.tool";
		};
/* End PBXNativeTarget section */

/* Begin PBXProject section */
		92E06E111C422ED40046BF5F /* Project object */ = {
			isa = PBXProject;
			attributes = {
				LastUpgradeCheck = 0720;
				ORGANIZATIONNAME = csii;
				TargetAttributes = {
					92E06E181C422ED40046BF5F = {
						CreatedOnToolsVersion = 7.2;
					};
				};
			};
			buildConfigurationList = 92E06E141C422ED40046BF5F /* Build configuration list for PBXProject "dishisanzhang" */;
			compatibilityVersion = "Xcode 3.2";
			developmentRegion = English;
			hasScannedForEncodings = 0;
			knownRegions = (
				en,
			);
			mainGroup = 92E06E101C422ED40046BF5F;
			productRefGroup = 92E06E1A1C422ED40046BF5F /* Products */;
			projectDirPath = "";
			projectRoot = "";
			targets = (
				92E06E181C422ED40046BF5F /* dishisanzhang */,
			);
		};
/* End PBXProject section */

/* Begin PBXSourcesBuildPhase section */
		92E06E151C422ED40046BF5F /* Sources */ = {
			isa = PBXSourcesBuildPhase;
			buildActionMask = 2147483647;
			files = (
				924962171C45068F00C5601B /* usedma.cpp in Sources */,
				924962151C44F5F100C5601B /* dma.cpp in Sources */,
			);
			runOnlyForDeploymentPostprocessing = 0;
		};
/* End PBXSourcesBuildPhase section */

/* Begin XCBuildConfiguration section */
		92E06E1E1C422ED40046BF5F /* Debug */ = {
			isa = XCBuildConfiguration;
			buildSettings = {
				ALWAYS_SEARCH_USER_PATHS = NO;
				CLANG_CXX_LANGUAGE_STANDARD = "gnu++0x";
				CLANG_CXX_LIBRARY = "libc++";
				CLANG_ENABLE_MODULES = YES;
				CLANG_ENABLE_OBJC_ARC = YES;
				CLANG_WARN_BOOL_CONVERSION = YES;
				CLANG_WARN_CONSTANT_CONVERSION = YES;
				CLANG_WARN_DIRECT_OBJC_ISA_USAGE = YES_ERROR;
				CLANG_WARN_EMPTY_BODY = YES;
				CLANG_WARN_ENUM_CONVERSION = YES;
				CLANG_WARN_INT_CONVERSION = YES;
				CLANG_WARN_OBJC_ROOT_CLASS = YES_ERROR;
				CLANG_WARN_UNREACHABLE_CODE = YES;
				CLANG_WARN__DUPLICATE_METHOD_MATCH = YES;
				CODE_SIGN_IDENTITY = "-";
				COPY_PHASE_STRIP = NO;
				DEBUG_INFORMATION_FORMAT = dwarf;
				ENABLE_STRICT_OBJC_MSGSEND = YES;
				ENABLE_TESTABILITY = YES;
				GCC_C_LANGUAGE_STANDARD = gnu99;
				GCC_DYNAMIC_NO_PIC = NO;
				GCC_NO_COMMON_BLOCKS = YES;
				GCC_OPTIMIZATION_LEVEL = 0;
				GCC_PREPROCESSOR_DEFINITIONS = (
					"DEBUG=1",
					"$(inherited)",
				);
				GCC_WARN_64_TO_32_BIT_CONVERSION = YES;
				GCC_WARN_ABOUT_RETURN_TYPE = YES_ERROR;
				GCC_WARN_UNDECLARED_SELECTOR = YES;
				GCC_WARN_UNINITIALIZED_AUTOS = YES_AGGRESSIVE;
				GCC_WARN_UNUSED_FUNCTION = YES;
				GCC_WARN_UNUSED_VARIABLE = YES;
				MACOSX_DEPLOYMENT_TARGET = 10.11;
				MTL_ENABLE_DEBUG_INFO = YES;
				ONLY_ACTIVE_ARCH = YES;
				SDKROOT = macosx;
			};
			name = Debug;
		};
		92E06E1F1C422ED40046BF5F /* Release */ = {
			isa = XCBuildConfiguration;
			buildSettings = {
				ALWAYS_SEARCH_USER_PATHS = NO;
				CLANG_CXX_LANGUAGE_STANDARD = "gnu++0x";
				CLANG_CXX_LIBRARY = "libc++";
				CLANG_ENABLE_MODULES = YES;
				CLANG_ENABLE_OBJC_ARC = YES;
				CLANG_WARN_BOOL_CONVERSION = YES;
				CLANG_WARN_CONSTANT_CONVERSION = YES;
				CLANG_WARN_DIRECT_OBJC_ISA_USAGE = YES_ERROR;
				CLANG_WARN_EMPTY_BODY = YES;
				CLANG_WARN_ENUM_CONVERSION = YES;
				CLANG_WARN_INT_CONVERSION = YES;
				CLANG_WARN_OBJC_ROOT_CLASS = YES_ERROR;
				CLANG_WARN_UNREACHABLE_CODE = YES;
				CLANG_WARN__DUPLICATE_METHOD_MATCH = YES;
				CODE_SIGN_IDENTITY = "-";
				COPY_PHASE_STRIP = NO;
				DEBUG_INFORMATION_FORMAT = "dwarf-with-dsym";
				ENABLE_NS_ASSERTIONS = NO;
				ENABLE_STRICT_OBJC_MSGSEND = YES;
				GCC_C_LANGUAGE_STANDARD = gnu99;
				GCC_NO_COMMON_BLOCKS = YES;
				GCC_WARN_64_TO_32_BIT_CONVERSION = YES;
				GCC_WARN_ABOUT_RETURN_TYPE = YES_ERROR;
				GCC_WARN_UNDECLARED_SELECTOR = YES;
				GCC_WARN_UNINITIALIZED_AUTOS = YES_AGGRESSIVE;
				GCC_WARN_UNUSED_FUNCTION = YES;
				GCC_WARN_UNUSED_VARIABLE = YES;
				MACOSX_DEPLOYMENT_TARGET = 10.11;
				MTL_ENABLE_DEBUG_INFO = NO;
				SDKROOT = macosx;
			};
			name = Release;
		};
		92E06E211C422ED40046BF5F /* Debug */ = {
			isa = XCBuildConfiguration;
			buildSettings = {
				PRODUCT_NAME = "$(TARGET_NAME)";
			};
			name = Debug;
		};
		92E06E221C422ED40046BF5F /* Release */ = {
			isa = XCBuildConfiguration;
			buildSettings = {
				PRODUCT_NAME = "$(TARGET_NAME)";
			};
			name = Release;
		};
/* End XCBuildConfiguration section */

/* Begin XCConfigurationList section */
		92E06E141C422ED40046BF5F /* Build configuration list for PBXProject "dishisanzhang" */ = {
			isa = XCConfigurationList;
			buildConfigurations = (
				92E06E1E1C422ED40046BF5F /* Debug */,
				92E06E1F1C422ED40046BF5F /* Release */,
			);
			defaultConfigurationIsVisible = 0;
			defaultConfigurationName = Release;
		};
		92E06E201C422ED40046BF5F /* Build configuration list for PBXNativeTarget "dishisanzhang" */ = {
			isa = XCConfigurationList;
			buildConfigurations = (
				92E06E211C422ED40046BF5F /* Debug */,
				92E06E221C422ED40046BF5F /* Release */,
			);
			defaultConfigurationIsVisible = 0;
			defaultConfigurationName = Release;
		};
/* End XCConfigurationList section */
	};
	rootObject = 92E06E111C422ED40046BF5F /* Project object */;
}
