// !$*UTF8*$!
{
	archiveVersion = 1;
	classes = {
	};
	objectVersion = 46;
	objects = {

/* Begin PBXBuildFile section */
		9249B9381C2C0D0D00525752 /* fun_ptr.cpp in Sources */ = {isa = PBXBuildFile; fileRef = 9249B9371C2C0D0D00525752 /* fun_ptr.cpp */; };
/* End PBXBuildFile section */

/* Begin PBXCopyFilesBuildPhase section */
		9249B90E1C2B7F2F00525752 /* CopyFiles */ = {
			isa = PBXCopyFilesBuildPhase;
			buildActionMask = 2147483647;
			dstPath = /usr/share/man/man1/;
			dstSubfolderSpec = 0;
			files = (
			);
			runOnlyForDeploymentPostprocessing = 1;
		};
/* End PBXCopyFilesBuildPhase section */

/* Begin PBXFileReference section */
		9249B9101C2B7F2F00525752 /* diqizhang */ = {isa = PBXFileReference; explicitFileType = "compiled.mach-o.executable"; includeInIndex = 0; path = diqizhang; sourceTree = BUILT_PRODUCTS_DIR; };
		9249B9131C2B7F2F00525752 /* main.cpp */ = {isa = PBXFileReference; lastKnownFileType = sourcecode.cpp.cpp; path = main.cpp; sourceTree = "<group>"; };
		9249B91A1C2B8F1100525752 /* twoarg.cpp */ = {isa = PBXFileReference; fileEncoding = 4; lastKnownFileType = sourcecode.cpp.cpp; path = twoarg.cpp; sourceTree = "<group>"; };
		9249B91C1C2B9B5A00525752 /* lotto.cpp */ = {isa = PBXFileReference; fileEncoding = 4; lastKnownFileType = sourcecode.cpp.cpp; path = lotto.cpp; sourceTree = "<group>"; };
		9249B91E1C2BA03E00525752 /* arrfun1.cpp */ = {isa = PBXFileReference; fileEncoding = 4; lastKnownFileType = sourcecode.cpp.cpp; path = arrfun1.cpp; sourceTree = "<group>"; };
		9249B9201C2BA3FA00525752 /* arrfun2.cpp */ = {isa = PBXFileReference; fileEncoding = 4; lastKnownFileType = sourcecode.cpp.cpp; path = arrfun2.cpp; sourceTree = "<group>"; };
		9249B9221C2BD9DC00525752 /* arrfun3.cpp */ = {isa = PBXFileReference; fileEncoding = 4; lastKnownFileType = sourcecode.cpp.cpp; path = arrfun3.cpp; sourceTree = "<group>"; };
		9249B9241C2BDDE300525752 /* arrfun4.cpp */ = {isa = PBXFileReference; fileEncoding = 4; lastKnownFileType = sourcecode.cpp.cpp; path = arrfun4.cpp; sourceTree = "<group>"; };
		9249B9271C2BEA9100525752 /* strgfun.cpp */ = {isa = PBXFileReference; fileEncoding = 4; lastKnownFileType = sourcecode.cpp.cpp; path = strgfun.cpp; sourceTree = "<group>"; };
		9249B9291C2BEDAE00525752 /* strgback.cpp */ = {isa = PBXFileReference; fileEncoding = 4; lastKnownFileType = sourcecode.cpp.cpp; path = strgback.cpp; sourceTree = "<group>"; };
		9249B92B1C2BF1A000525752 /* travel.cpp */ = {isa = PBXFileReference; fileEncoding = 4; lastKnownFileType = sourcecode.cpp.cpp; path = travel.cpp; sourceTree = "<group>"; };
		9249B92D1C2BFBDE00525752 /* atrctfun.cpp */ = {isa = PBXFileReference; fileEncoding = 4; lastKnownFileType = sourcecode.cpp.cpp; path = atrctfun.cpp; sourceTree = "<group>"; };
		9249B92F1C2C006400525752 /* strctptr.cpp */ = {isa = PBXFileReference; fileEncoding = 4; lastKnownFileType = sourcecode.cpp.cpp; path = strctptr.cpp; sourceTree = "<group>"; };
		9249B9311C2C02EA00525752 /* topfive.cpp */ = {isa = PBXFileReference; fileEncoding = 4; lastKnownFileType = sourcecode.cpp.cpp; path = topfive.cpp; sourceTree = "<group>"; };
		9249B9331C2C04CF00525752 /* recur.cpp */ = {isa = PBXFileReference; fileEncoding = 4; lastKnownFileType = sourcecode.cpp.cpp; path = recur.cpp; sourceTree = "<group>"; };
		9249B9351C2C06A500525752 /* ruler.cpp */ = {isa = PBXFileReference; fileEncoding = 4; lastKnownFileType = sourcecode.cpp.cpp; path = ruler.cpp; sourceTree = "<group>"; };
		9249B9371C2C0D0D00525752 /* fun_ptr.cpp */ = {isa = PBXFileReference; fileEncoding = 4; lastKnownFileType = sourcecode.cpp.cpp; path = fun_ptr.cpp; sourceTree = "<group>"; };
/* End PBXFileReference section */

/* Begin PBXFrameworksBuildPhase section */
		9249B90D1C2B7F2F00525752 /* Frameworks */ = {
			isa = PBXFrameworksBuildPhase;
			buildActionMask = 2147483647;
			files = (
			);
			runOnlyForDeploymentPostprocessing = 0;
		};
/* End PBXFrameworksBuildPhase section */

/* Begin PBXGroup section */
		9249B9071C2B7F2F00525752 = {
			isa = PBXGroup;
			children = (
				9249B9121C2B7F2F00525752 /* diqizhang */,
				9249B9111C2B7F2F00525752 /* Products */,
			);
			sourceTree = "<group>";
		};
		9249B9111C2B7F2F00525752 /* Products */ = {
			isa = PBXGroup;
			children = (
				9249B9101C2B7F2F00525752 /* diqizhang */,
			);
			name = Products;
			sourceTree = "<group>";
		};
		9249B9121C2B7F2F00525752 /* diqizhang */ = {
			isa = PBXGroup;
			children = (
				9249B9131C2B7F2F00525752 /* main.cpp */,
				9249B91A1C2B8F1100525752 /* twoarg.cpp */,
				9249B91C1C2B9B5A00525752 /* lotto.cpp */,
				9249B91E1C2BA03E00525752 /* arrfun1.cpp */,
				9249B9201C2BA3FA00525752 /* arrfun2.cpp */,
				9249B9221C2BD9DC00525752 /* arrfun3.cpp */,
				9249B9241C2BDDE300525752 /* arrfun4.cpp */,
				9249B9271C2BEA9100525752 /* strgfun.cpp */,
				9249B9291C2BEDAE00525752 /* strgback.cpp */,
				9249B92B1C2BF1A000525752 /* travel.cpp */,
				9249B92D1C2BFBDE00525752 /* atrctfun.cpp */,
				9249B92F1C2C006400525752 /* strctptr.cpp */,
				9249B9311C2C02EA00525752 /* topfive.cpp */,
				9249B9331C2C04CF00525752 /* recur.cpp */,
				9249B9351C2C06A500525752 /* ruler.cpp */,
				9249B9371C2C0D0D00525752 /* fun_ptr.cpp */,
			);
			path = diqizhang;
			sourceTree = "<group>";
		};
/* End PBXGroup section */

/* Begin PBXNativeTarget section */
		9249B90F1C2B7F2F00525752 /* diqizhang */ = {
			isa = PBXNativeTarget;
			buildConfigurationList = 9249B9171C2B7F2F00525752 /* Build configuration list for PBXNativeTarget "diqizhang" */;
			buildPhases = (
				9249B90C1C2B7F2F00525752 /* Sources */,
				9249B90D1C2B7F2F00525752 /* Frameworks */,
				9249B90E1C2B7F2F00525752 /* CopyFiles */,
			);
			buildRules = (
			);
			dependencies = (
			);
			name = diqizhang;
			productName = diqizhang;
			productReference = 9249B9101C2B7F2F00525752 /* diqizhang */;
			productType = "com.apple.product-type.tool";
		};
/* End PBXNativeTarget section */

/* Begin PBXProject section */
		9249B9081C2B7F2F00525752 /* Project object */ = {
			isa = PBXProject;
			attributes = {
				LastUpgradeCheck = 0720;
				ORGANIZATIONNAME = csii;
				TargetAttributes = {
					9249B90F1C2B7F2F00525752 = {
						CreatedOnToolsVersion = 7.2;
					};
				};
			};
			buildConfigurationList = 9249B90B1C2B7F2F00525752 /* Build configuration list for PBXProject "diqizhang" */;
			compatibilityVersion = "Xcode 3.2";
			developmentRegion = English;
			hasScannedForEncodings = 0;
			knownRegions = (
				en,
			);
			mainGroup = 9249B9071C2B7F2F00525752;
			productRefGroup = 9249B9111C2B7F2F00525752 /* Products */;
			projectDirPath = "";
			projectRoot = "";
			targets = (
				9249B90F1C2B7F2F00525752 /* diqizhang */,
			);
		};
/* End PBXProject section */

/* Begin PBXSourcesBuildPhase section */
		9249B90C1C2B7F2F00525752 /* Sources */ = {
			isa = PBXSourcesBuildPhase;
			buildActionMask = 2147483647;
			files = (
				9249B9381C2C0D0D00525752 /* fun_ptr.cpp in Sources */,
			);
			runOnlyForDeploymentPostprocessing = 0;
		};
/* End PBXSourcesBuildPhase section */

/* Begin XCBuildConfiguration section */
		9249B9151C2B7F2F00525752 /* Debug */ = {
			isa = XCBuildConfiguration;
			buildSettings = {
				ALWAYS_SEARCH_USER_PATHS = NO;
				CLANG_CXX_LANGUAGE_STANDARD = "gnu++0x";
				CLANG_CXX_LIBRARY = "libc++";
				CLANG_ENABLE_MODULES = YES;
				CLANG_ENABLE_OBJC_ARC = YES;
				CLANG_WARN_BOOL_CONVERSION = YES;
				CLANG_WARN_CONSTANT_CONVERSION = YES;
				CLANG_WARN_DIRECT_OBJC_ISA_USAGE = YES_ERROR;
				CLANG_WARN_EMPTY_BODY = YES;
				CLANG_WARN_ENUM_CONVERSION = YES;
				CLANG_WARN_INT_CONVERSION = YES;
				CLANG_WARN_OBJC_ROOT_CLASS = YES_ERROR;
				CLANG_WARN_UNREACHABLE_CODE = YES;
				CLANG_WARN__DUPLICATE_METHOD_MATCH = YES;
				CODE_SIGN_IDENTITY = "-";
				COPY_PHASE_STRIP = NO;
				DEBUG_INFORMATION_FORMAT = dwarf;
				ENABLE_STRICT_OBJC_MSGSEND = YES;
				ENABLE_TESTABILITY = YES;
				GCC_C_LANGUAGE_STANDARD = gnu99;
				GCC_DYNAMIC_NO_PIC = NO;
				GCC_NO_COMMON_BLOCKS = YES;
				GCC_OPTIMIZATION_LEVEL = 0;
				GCC_PREPROCESSOR_DEFINITIONS = (
					"DEBUG=1",
					"$(inherited)",
				);
				GCC_WARN_64_TO_32_BIT_CONVERSION = YES;
				GCC_WARN_ABOUT_RETURN_TYPE = YES_ERROR;
				GCC_WARN_UNDECLARED_SELECTOR = YES;
				GCC_WARN_UNINITIALIZED_AUTOS = YES_AGGRESSIVE;
				GCC_WARN_UNUSED_FUNCTION = YES;
				GCC_WARN_UNUSED_VARIABLE = YES;
				MACOSX_DEPLOYMENT_TARGET = 10.11;
				MTL_ENABLE_DEBUG_INFO = YES;
				ONLY_ACTIVE_ARCH = YES;
				SDKROOT = macosx;
			};
			name = Debug;
		};
		9249B9161C2B7F2F00525752 /* Release */ = {
			isa = XCBuildConfiguration;
			buildSettings = {
				ALWAYS_SEARCH_USER_PATHS = NO;
				CLANG_CXX_LANGUAGE_STANDARD = "gnu++0x";
				CLANG_CXX_LIBRARY = "libc++";
				CLANG_ENABLE_MODULES = YES;
				CLANG_ENABLE_OBJC_ARC = YES;
				CLANG_WARN_BOOL_CONVERSION = YES;
				CLANG_WARN_CONSTANT_CONVERSION = YES;
				CLANG_WARN_DIRECT_OBJC_ISA_USAGE = YES_ERROR;
				CLANG_WARN_EMPTY_BODY = YES;
				CLANG_WARN_ENUM_CONVERSION = YES;
				CLANG_WARN_INT_CONVERSION = YES;
				CLANG_WARN_OBJC_ROOT_CLASS = YES_ERROR;
				CLANG_WARN_UNREACHABLE_CODE = YES;
				CLANG_WARN__DUPLICATE_METHOD_MATCH = YES;
				CODE_SIGN_IDENTITY = "-";
				COPY_PHASE_STRIP = NO;
				DEBUG_INFORMATION_FORMAT = "dwarf-with-dsym";
				ENABLE_NS_ASSERTIONS = NO;
				ENABLE_STRICT_OBJC_MSGSEND = YES;
				GCC_C_LANGUAGE_STANDARD = gnu99;
				GCC_NO_COMMON_BLOCKS = YES;
				GCC_WARN_64_TO_32_BIT_CONVERSION = YES;
				GCC_WARN_ABOUT_RETURN_TYPE = YES_ERROR;
				GCC_WARN_UNDECLARED_SELECTOR = YES;
				GCC_WARN_UNINITIALIZED_AUTOS = YES_AGGRESSIVE;
				GCC_WARN_UNUSED_FUNCTION = YES;
				GCC_WARN_UNUSED_VARIABLE = YES;
				MACOSX_DEPLOYMENT_TARGET = 10.11;
				MTL_ENABLE_DEBUG_INFO = NO;
				SDKROOT = macosx;
			};
			name = Release;
		};
		9249B9181C2B7F2F00525752 /* Debug */ = {
			isa = XCBuildConfiguration;
			buildSettings = {
				PRODUCT_NAME = "$(TARGET_NAME)";
			};
			name = Debug;
		};
		9249B9191C2B7F2F00525752 /* Release */ = {
			isa = XCBuildConfiguration;
			buildSettings = {
				PRODUCT_NAME = "$(TARGET_NAME)";
			};
			name = Release;
		};
/* End XCBuildConfiguration section */

/* Begin XCConfigurationList section */
		9249B90B1C2B7F2F00525752 /* Build configuration list for PBXProject "diqizhang" */ = {
			isa = XCConfigurationList;
			buildConfigurations = (
				9249B9151C2B7F2F00525752 /* Debug */,
				9249B9161C2B7F2F00525752 /* Release */,
			);
			defaultConfigurationIsVisible = 0;
			defaultConfigurationName = Release;
		};
		9249B9171C2B7F2F00525752 /* Build configuration list for PBXNativeTarget "diqizhang" */ = {
			isa = XCConfigurationList;
			buildConfigurations = (
				9249B9181C2B7F2F00525752 /* Debug */,
				9249B9191C2B7F2F00525752 /* Release */,
			);
			defaultConfigurationIsVisible = 0;
		};
/* End XCConfigurationList section */
	};
	rootObject = 9249B9081C2B7F2F00525752 /* Project object */;
}
